// !$*UTF8*$!
{
	archiveVersion = 1;
	classes = {
	};
	objectVersion = 56;
	objects = {

/* Begin PBXBuildFile section */
		99021F092A3CDD09005D720F /* Photo.swift in Sources */ = {isa = PBXBuildFile; fileRef = 99021F082A3CDD09005D720F /* Photo.swift */; };
		99021F0B2A3CDDBA005D720F /* Result.swift in Sources */ = {isa = PBXBuildFile; fileRef = 99021F0A2A3CDDBA005D720F /* Result.swift */; };
		990C820C29FF705300333F1B /* SingleImageViewController.swift in Sources */ = {isa = PBXBuildFile; fileRef = 990C820B29FF705300333F1B /* SingleImageViewController.swift */; };
		9910160C2A28F23700FAF348 /* ProfileService.swift in Sources */ = {isa = PBXBuildFile; fileRef = 9910160B2A28F23700FAF348 /* ProfileService.swift */; };
		991E106F29E92C040001C888 /* Assets.xcassets in Resources */ = {isa = PBXBuildFile; fileRef = 991E106E29E92C040001C888 /* Assets.xcassets */; };
		992138E62A284AD70008F601 /* UIBlockingProgressHUD.swift in Sources */ = {isa = PBXBuildFile; fileRef = 992138E52A284AD70008F601 /* UIBlockingProgressHUD.swift */; };
		9926E9552A2E62610083A468 /* Kingfisher in Frameworks */ = {isa = PBXBuildFile; productRef = 9926E9542A2E62610083A468 /* Kingfisher */; };
		9936ADDE29FB1B1D008B1724 /* ProfileViewController.swift in Sources */ = {isa = PBXBuildFile; fileRef = 9936ADDD29FB1B1D008B1724 /* ProfileViewController.swift */; };
		994733CF2A30ECB500AA6DE4 /* TabBarController.swift in Sources */ = {isa = PBXBuildFile; fileRef = 994733CE2A30ECB500AA6DE4 /* TabBarController.swift */; };
		994A0EE02A2F82D50008C245 /* SwiftKeychainWrapper in Frameworks */ = {isa = PBXBuildFile; productRef = 994A0EDF2A2F82D50008C245 /* SwiftKeychainWrapper */; };
		99535C232A400130009E9F8D /* AuthHelper.swift in Sources */ = {isa = PBXBuildFile; fileRef = 99535C222A400130009E9F8D /* AuthHelper.swift */; };
		99535C252A4003B8009E9F8D /* WebViewPresenter.swift in Sources */ = {isa = PBXBuildFile; fileRef = 99535C242A4003B8009E9F8D /* WebViewPresenter.swift */; };
		99535C2F2A400925009E9F8D /* WebViewTests.swift in Sources */ = {isa = PBXBuildFile; fileRef = 99535C2E2A400925009E9F8D /* WebViewTests.swift */; };
		99535C362A400A7C009E9F8D /* WebViewPresenterSpy.swift in Sources */ = {isa = PBXBuildFile; fileRef = 99535C352A400A7C009E9F8D /* WebViewPresenterSpy.swift */; };
		99535C382A400B16009E9F8D /* WebViewViewControllerSpy.swift in Sources */ = {isa = PBXBuildFile; fileRef = 99535C372A400B16009E9F8D /* WebViewViewControllerSpy.swift */; };
		99535C3A2A400ED6009E9F8D /* ImagesListPresenter.swift in Sources */ = {isa = PBXBuildFile; fileRef = 99535C392A400ED6009E9F8D /* ImagesListPresenter.swift */; };
		99535C4B2A40184D009E9F8D /* ProfilePresenter.swift in Sources */ = {isa = PBXBuildFile; fileRef = 99535C4A2A40184D009E9F8D /* ProfilePresenter.swift */; };
		99535C7A2A4029BE009E9F8D /* ProfileViewPresenterSpy.swift in Sources */ = {isa = PBXBuildFile; fileRef = 99535C792A4029BE009E9F8D /* ProfileViewPresenterSpy.swift */; };
		99535C7C2A4029D4009E9F8D /* ProfileViewControllerSpy.swift in Sources */ = {isa = PBXBuildFile; fileRef = 99535C7B2A4029D4009E9F8D /* ProfileViewControllerSpy.swift */; };
		99535C8A2A402B59009E9F8D /* ImagesListViewTests.swift in Sources */ = {isa = PBXBuildFile; fileRef = 99535C832A402B45009E9F8D /* ImagesListViewTests.swift */; };
		99535C8B2A402B5E009E9F8D /* ProfileViewTests.swift in Sources */ = {isa = PBXBuildFile; fileRef = 99535C722A402949009E9F8D /* ProfileViewTests.swift */; };
		99535C8D2A402BCC009E9F8D /* ImagesListPresenterSpy.swift in Sources */ = {isa = PBXBuildFile; fileRef = 99535C8C2A402BCC009E9F8D /* ImagesListPresenterSpy.swift */; };
		99535C8F2A402BEF009E9F8D /* ImagesListViewControllerSpy.swift in Sources */ = {isa = PBXBuildFile; fileRef = 99535C8E2A402BEF009E9F8D /* ImagesListViewControllerSpy.swift */; };
		995CA5B82A1BD38F005C437E /* OAuth2Service.swift in Sources */ = {isa = PBXBuildFile; fileRef = 995CA5B72A1BD38F005C437E /* OAuth2Service.swift */; };
		995CA5BA2A1BEC53005C437E /* OAuth2TokenStorage.swift in Sources */ = {isa = PBXBuildFile; fileRef = 995CA5B92A1BEC53005C437E /* OAuth2TokenStorage.swift */; };
		99630B4629D4BDDE00949ED8 /* AppDelegate.swift in Sources */ = {isa = PBXBuildFile; fileRef = 99630B4529D4BDDE00949ED8 /* AppDelegate.swift */; };
		99630B4829D4BDDE00949ED8 /* SceneDelegate.swift in Sources */ = {isa = PBXBuildFile; fileRef = 99630B4729D4BDDE00949ED8 /* SceneDelegate.swift */; };
		99630B4A29D4BDDE00949ED8 /* ImagesListViewController.swift.swift in Sources */ = {isa = PBXBuildFile; fileRef = 99630B4929D4BDDE00949ED8 /* ImagesListViewController.swift.swift */; };
		99630B4D29D4BDDE00949ED8 /* Main.storyboard in Resources */ = {isa = PBXBuildFile; fileRef = 99630B4B29D4BDDE00949ED8 /* Main.storyboard */; };
		99630B5229D4BDE600949ED8 /* LaunchScreen.storyboard in Resources */ = {isa = PBXBuildFile; fileRef = 99630B5029D4BDE600949ED8 /* LaunchScreen.storyboard */; };
		996A714B2A38BC8700AAB438 /* ImagesListService.swift in Sources */ = {isa = PBXBuildFile; fileRef = 996A714A2A38BC8700AAB438 /* ImagesListService.swift */; };
		996B33232A2A45CA007260F6 /* ProfileImageService.swift in Sources */ = {isa = PBXBuildFile; fileRef = 996B33222A2A45CA007260F6 /* ProfileImageService.swift */; };
		996B33262A2AE76E007260F6 /* URLSessionExtension.swift in Sources */ = {isa = PBXBuildFile; fileRef = 996B33252A2AE76E007260F6 /* URLSessionExtension.swift */; };
		9983F80029E903D3006A745D /* ImagesListCell.swift in Sources */ = {isa = PBXBuildFile; fileRef = 9983F7FF29E903D3006A745D /* ImagesListCell.swift */; };
		998AC58F2A1DB7BA00B89F32 /* SplashViewController.swift in Sources */ = {isa = PBXBuildFile; fileRef = 998AC58E2A1DB7B900B89F32 /* SplashViewController.swift */; };
		998AC5932A251F2600B89F32 /* ProgressHUD in Frameworks */ = {isa = PBXBuildFile; productRef = 998AC5922A251F2600B89F32 /* ProgressHUD */; };
		99A52C662A12D0D1001FFCDB /* WebViewViewController.swift in Sources */ = {isa = PBXBuildFile; fileRef = 99A52C652A12D0D1001FFCDB /* WebViewViewController.swift */; };
		99AE272B2A402EB300FB539C /* ImageFeedUITests.swift in Sources */ = {isa = PBXBuildFile; fileRef = 99AE272A2A402EB300FB539C /* ImageFeedUITests.swift */; };
		99AE272D2A402EB300FB539C /* ImageFeedUITestsLaunchTests.swift in Sources */ = {isa = PBXBuildFile; fileRef = 99AE272C2A402EB300FB539C /* ImageFeedUITestsLaunchTests.swift */; };
		99F6589D2A0D41A200A5E0B8 /* AuthConfiguration.swift in Sources */ = {isa = PBXBuildFile; fileRef = 99F6589C2A0D41A200A5E0B8 /* AuthConfiguration.swift */; };
		99F6589F2A12A38D00A5E0B8 /* AuthorizationViewController.swift in Sources */ = {isa = PBXBuildFile; fileRef = 99F6589E2A12A38D00A5E0B8 /* AuthorizationViewController.swift */; };
/* End PBXBuildFile section */

/* Begin PBXContainerItemProxy section */
		99535C302A400925009E9F8D /* PBXContainerItemProxy */ = {
			isa = PBXContainerItemProxy;
			containerPortal = 99630B3A29D4BDDE00949ED8 /* Project object */;
			proxyType = 1;
			remoteGlobalIDString = 99630B4129D4BDDE00949ED8;
			remoteInfo = ImageFeed;
		};
		99535C742A402949009E9F8D /* PBXContainerItemProxy */ = {
			isa = PBXContainerItemProxy;
			containerPortal = 99630B3A29D4BDDE00949ED8 /* Project object */;
			proxyType = 1;
			remoteGlobalIDString = 99630B4129D4BDDE00949ED8;
			remoteInfo = ImageFeed;
		};
		99535C852A402B45009E9F8D /* PBXContainerItemProxy */ = {
			isa = PBXContainerItemProxy;
			containerPortal = 99630B3A29D4BDDE00949ED8 /* Project object */;
			proxyType = 1;
			remoteGlobalIDString = 99630B4129D4BDDE00949ED8;
			remoteInfo = ImageFeed;
		};
		99AE272E2A402EB300FB539C /* PBXContainerItemProxy */ = {
			isa = PBXContainerItemProxy;
			containerPortal = 99630B3A29D4BDDE00949ED8 /* Project object */;
			proxyType = 1;
			remoteGlobalIDString = 99630B4129D4BDDE00949ED8;
			remoteInfo = ImageFeed;
		};
/* End PBXContainerItemProxy section */

/* Begin PBXFileReference section */
		99021F082A3CDD09005D720F /* Photo.swift */ = {isa = PBXFileReference; lastKnownFileType = sourcecode.swift; path = Photo.swift; sourceTree = "<group>"; };
		99021F0A2A3CDDBA005D720F /* Result.swift */ = {isa = PBXFileReference; lastKnownFileType = sourcecode.swift; path = Result.swift; sourceTree = "<group>"; };
		990C820B29FF705300333F1B /* SingleImageViewController.swift */ = {isa = PBXFileReference; lastKnownFileType = sourcecode.swift; path = SingleImageViewController.swift; sourceTree = "<group>"; };
		9910160B2A28F23700FAF348 /* ProfileService.swift */ = {isa = PBXFileReference; lastKnownFileType = sourcecode.swift; path = ProfileService.swift; sourceTree = "<group>"; };
		991E106E29E92C040001C888 /* Assets.xcassets */ = {isa = PBXFileReference; lastKnownFileType = folder.assetcatalog; path = Assets.xcassets; sourceTree = "<group>"; };
		992138E52A284AD70008F601 /* UIBlockingProgressHUD.swift */ = {isa = PBXFileReference; lastKnownFileType = sourcecode.swift; path = UIBlockingProgressHUD.swift; sourceTree = "<group>"; };
		9936ADDD29FB1B1D008B1724 /* ProfileViewController.swift */ = {isa = PBXFileReference; lastKnownFileType = sourcecode.swift; path = ProfileViewController.swift; sourceTree = "<group>"; };
		994733CE2A30ECB500AA6DE4 /* TabBarController.swift */ = {isa = PBXFileReference; lastKnownFileType = sourcecode.swift; path = TabBarController.swift; sourceTree = "<group>"; };
		99535C222A400130009E9F8D /* AuthHelper.swift */ = {isa = PBXFileReference; lastKnownFileType = sourcecode.swift; path = AuthHelper.swift; sourceTree = "<group>"; };
		99535C242A4003B8009E9F8D /* WebViewPresenter.swift */ = {isa = PBXFileReference; lastKnownFileType = sourcecode.swift; path = WebViewPresenter.swift; sourceTree = "<group>"; };
		99535C2C2A400925009E9F8D /* ImageFeedTests.xctest */ = {isa = PBXFileReference; explicitFileType = wrapper.cfbundle; includeInIndex = 0; path = ImageFeedTests.xctest; sourceTree = BUILT_PRODUCTS_DIR; };
		99535C2E2A400925009E9F8D /* WebViewTests.swift */ = {isa = PBXFileReference; lastKnownFileType = sourcecode.swift; path = WebViewTests.swift; sourceTree = "<group>"; };
		99535C352A400A7C009E9F8D /* WebViewPresenterSpy.swift */ = {isa = PBXFileReference; lastKnownFileType = sourcecode.swift; path = WebViewPresenterSpy.swift; sourceTree = "<group>"; };
		99535C372A400B16009E9F8D /* WebViewViewControllerSpy.swift */ = {isa = PBXFileReference; lastKnownFileType = sourcecode.swift; path = WebViewViewControllerSpy.swift; sourceTree = "<group>"; };
		99535C392A400ED6009E9F8D /* ImagesListPresenter.swift */ = {isa = PBXFileReference; lastKnownFileType = sourcecode.swift; path = ImagesListPresenter.swift; sourceTree = "<group>"; };
		99535C4A2A40184D009E9F8D /* ProfilePresenter.swift */ = {isa = PBXFileReference; lastKnownFileType = sourcecode.swift; path = ProfilePresenter.swift; sourceTree = "<group>"; };
		99535C702A402949009E9F8D /* ProfileViewTests.xctest */ = {isa = PBXFileReference; explicitFileType = wrapper.cfbundle; includeInIndex = 0; path = ProfileViewTests.xctest; sourceTree = BUILT_PRODUCTS_DIR; };
		99535C722A402949009E9F8D /* ProfileViewTests.swift */ = {isa = PBXFileReference; lastKnownFileType = sourcecode.swift; path = ProfileViewTests.swift; sourceTree = "<group>"; };
		99535C792A4029BE009E9F8D /* ProfileViewPresenterSpy.swift */ = {isa = PBXFileReference; lastKnownFileType = sourcecode.swift; path = ProfileViewPresenterSpy.swift; sourceTree = "<group>"; };
		99535C7B2A4029D4009E9F8D /* ProfileViewControllerSpy.swift */ = {isa = PBXFileReference; lastKnownFileType = sourcecode.swift; path = ProfileViewControllerSpy.swift; sourceTree = "<group>"; };
		99535C812A402B45009E9F8D /* ImagesListViewTests.xctest */ = {isa = PBXFileReference; explicitFileType = wrapper.cfbundle; includeInIndex = 0; path = ImagesListViewTests.xctest; sourceTree = BUILT_PRODUCTS_DIR; };
		99535C832A402B45009E9F8D /* ImagesListViewTests.swift */ = {isa = PBXFileReference; lastKnownFileType = sourcecode.swift; path = ImagesListViewTests.swift; sourceTree = "<group>"; };
		99535C8C2A402BCC009E9F8D /* ImagesListPresenterSpy.swift */ = {isa = PBXFileReference; lastKnownFileType = sourcecode.swift; path = ImagesListPresenterSpy.swift; sourceTree = "<group>"; };
		99535C8E2A402BEF009E9F8D /* ImagesListViewControllerSpy.swift */ = {isa = PBXFileReference; lastKnownFileType = sourcecode.swift; path = ImagesListViewControllerSpy.swift; sourceTree = "<group>"; };
		995CA5B72A1BD38F005C437E /* OAuth2Service.swift */ = {isa = PBXFileReference; lastKnownFileType = sourcecode.swift; path = OAuth2Service.swift; sourceTree = "<group>"; };
		995CA5B92A1BEC53005C437E /* OAuth2TokenStorage.swift */ = {isa = PBXFileReference; lastKnownFileType = sourcecode.swift; path = OAuth2TokenStorage.swift; sourceTree = "<group>"; };
		99630B4229D4BDDE00949ED8 /* ImageFeed.app */ = {isa = PBXFileReference; explicitFileType = wrapper.application; includeInIndex = 0; path = ImageFeed.app; sourceTree = BUILT_PRODUCTS_DIR; };
		99630B4529D4BDDE00949ED8 /* AppDelegate.swift */ = {isa = PBXFileReference; lastKnownFileType = sourcecode.swift; path = AppDelegate.swift; sourceTree = "<group>"; };
		99630B4729D4BDDE00949ED8 /* SceneDelegate.swift */ = {isa = PBXFileReference; lastKnownFileType = sourcecode.swift; path = SceneDelegate.swift; sourceTree = "<group>"; };
		99630B4929D4BDDE00949ED8 /* ImagesListViewController.swift.swift */ = {isa = PBXFileReference; lastKnownFileType = sourcecode.swift; path = ImagesListViewController.swift.swift; sourceTree = "<group>"; };
		99630B4C29D4BDDE00949ED8 /* Base */ = {isa = PBXFileReference; lastKnownFileType = file.storyboard; name = Base; path = Base.lproj/Main.storyboard; sourceTree = "<group>"; };
		99630B5129D4BDE600949ED8 /* Base */ = {isa = PBXFileReference; lastKnownFileType = file.storyboard; name = Base; path = Base.lproj/LaunchScreen.storyboard; sourceTree = "<group>"; };
		99630B5329D4BDE600949ED8 /* Info.plist */ = {isa = PBXFileReference; lastKnownFileType = text.plist.xml; path = Info.plist; sourceTree = "<group>"; };
		996A714A2A38BC8700AAB438 /* ImagesListService.swift */ = {isa = PBXFileReference; lastKnownFileType = sourcecode.swift; path = ImagesListService.swift; sourceTree = "<group>"; };
		996B33222A2A45CA007260F6 /* ProfileImageService.swift */ = {isa = PBXFileReference; lastKnownFileType = sourcecode.swift; path = ProfileImageService.swift; sourceTree = "<group>"; };
		996B33252A2AE76E007260F6 /* URLSessionExtension.swift */ = {isa = PBXFileReference; lastKnownFileType = sourcecode.swift; path = URLSessionExtension.swift; sourceTree = "<group>"; };
		9983F7FF29E903D3006A745D /* ImagesListCell.swift */ = {isa = PBXFileReference; lastKnownFileType = sourcecode.swift; path = ImagesListCell.swift; sourceTree = "<group>"; };
		998AC58E2A1DB7B900B89F32 /* SplashViewController.swift */ = {isa = PBXFileReference; lastKnownFileType = sourcecode.swift; path = SplashViewController.swift; sourceTree = "<group>"; };
		99A52C652A12D0D1001FFCDB /* WebViewViewController.swift */ = {isa = PBXFileReference; lastKnownFileType = sourcecode.swift; path = WebViewViewController.swift; sourceTree = "<group>"; };
		99AE27282A402EB300FB539C /* ImageFeedUITests.xctest */ = {isa = PBXFileReference; explicitFileType = wrapper.cfbundle; includeInIndex = 0; path = ImageFeedUITests.xctest; sourceTree = BUILT_PRODUCTS_DIR; };
		99AE272A2A402EB300FB539C /* ImageFeedUITests.swift */ = {isa = PBXFileReference; lastKnownFileType = sourcecode.swift; path = ImageFeedUITests.swift; sourceTree = "<group>"; };
		99AE272C2A402EB300FB539C /* ImageFeedUITestsLaunchTests.swift */ = {isa = PBXFileReference; lastKnownFileType = sourcecode.swift; path = ImageFeedUITestsLaunchTests.swift; sourceTree = "<group>"; };
		99F6589C2A0D41A200A5E0B8 /* AuthConfiguration.swift */ = {isa = PBXFileReference; lastKnownFileType = sourcecode.swift; path = AuthConfiguration.swift; sourceTree = "<group>"; };
		99F6589E2A12A38D00A5E0B8 /* AuthorizationViewController.swift */ = {isa = PBXFileReference; lastKnownFileType = sourcecode.swift; path = AuthorizationViewController.swift; sourceTree = "<group>"; };
/* End PBXFileReference section */

/* Begin PBXFrameworksBuildPhase section */
		99535C292A400925009E9F8D /* Frameworks */ = {
			isa = PBXFrameworksBuildPhase;
			buildActionMask = 2147483647;
			files = (
			);
			runOnlyForDeploymentPostprocessing = 0;
		};
		99535C6D2A402949009E9F8D /* Frameworks */ = {
			isa = PBXFrameworksBuildPhase;
			buildActionMask = 2147483647;
			files = (
			);
			runOnlyForDeploymentPostprocessing = 0;
		};
		99535C7E2A402B45009E9F8D /* Frameworks */ = {
			isa = PBXFrameworksBuildPhase;
			buildActionMask = 2147483647;
			files = (
			);
			runOnlyForDeploymentPostprocessing = 0;
		};
		99630B3F29D4BDDE00949ED8 /* Frameworks */ = {
			isa = PBXFrameworksBuildPhase;
			buildActionMask = 2147483647;
			files = (
				9926E9552A2E62610083A468 /* Kingfisher in Frameworks */,
				998AC5932A251F2600B89F32 /* ProgressHUD in Frameworks */,
				994A0EE02A2F82D50008C245 /* SwiftKeychainWrapper in Frameworks */,
			);
			runOnlyForDeploymentPostprocessing = 0;
		};
		99AE27252A402EB300FB539C /* Frameworks */ = {
			isa = PBXFrameworksBuildPhase;
			buildActionMask = 2147483647;
			files = (
			);
			runOnlyForDeploymentPostprocessing = 0;
		};
/* End PBXFrameworksBuildPhase section */

/* Begin PBXGroup section */
		99021F072A3CDCE1005D720F /* Models */ = {
			isa = PBXGroup;
			children = (
				99021F082A3CDD09005D720F /* Photo.swift */,
				99021F0A2A3CDDBA005D720F /* Result.swift */,
			);
			path = Models;
			sourceTree = "<group>";
		};
		990C820D29FF72F000333F1B /* SingleImage */ = {
			isa = PBXGroup;
			children = (
				990C820B29FF705300333F1B /* SingleImageViewController.swift */,
			);
			path = SingleImage;
			sourceTree = "<group>";
		};
		992138E42A284A8D0008F601 /* UIBlockingProgressHUD */ = {
			isa = PBXGroup;
			children = (
				992138E52A284AD70008F601 /* UIBlockingProgressHUD.swift */,
			);
			path = UIBlockingProgressHUD;
			sourceTree = "<group>";
		};
		9936ADDF29FB25DE008B1724 /* Profile */ = {
			isa = PBXGroup;
			children = (
				9936ADDD29FB1B1D008B1724 /* ProfileViewController.swift */,
				9910160B2A28F23700FAF348 /* ProfileService.swift */,
				996B33222A2A45CA007260F6 /* ProfileImageService.swift */,
				99535C4A2A40184D009E9F8D /* ProfilePresenter.swift */,
			);
			path = Profile;
			sourceTree = "<group>";
		};
		994733CB2A30EC9500AA6DE4 /* TabBarController */ = {
			isa = PBXGroup;
			children = (
				994733CE2A30ECB500AA6DE4 /* TabBarController.swift */,
			);
			path = TabBarController;
			sourceTree = "<group>";
		};
		99535C2D2A400925009E9F8D /* WebViewTests */ = {
			isa = PBXGroup;
			children = (
				99535C2E2A400925009E9F8D /* WebViewTests.swift */,
				99535C352A400A7C009E9F8D /* WebViewPresenterSpy.swift */,
				99535C372A400B16009E9F8D /* WebViewViewControllerSpy.swift */,
			);
			path = WebViewTests;
			sourceTree = "<group>";
		};
		99535C712A402949009E9F8D /* ProfileViewTests */ = {
			isa = PBXGroup;
			children = (
				99535C722A402949009E9F8D /* ProfileViewTests.swift */,
				99535C792A4029BE009E9F8D /* ProfileViewPresenterSpy.swift */,
				99535C7B2A4029D4009E9F8D /* ProfileViewControllerSpy.swift */,
			);
			path = ProfileViewTests;
			sourceTree = "<group>";
		};
		99535C822A402B45009E9F8D /* ImagesListViewTests */ = {
			isa = PBXGroup;
			children = (
				99535C832A402B45009E9F8D /* ImagesListViewTests.swift */,
				99535C8C2A402BCC009E9F8D /* ImagesListPresenterSpy.swift */,
				99535C8E2A402BEF009E9F8D /* ImagesListViewControllerSpy.swift */,
			);
			path = ImagesListViewTests;
			sourceTree = "<group>";
		};
		995CA5B62A1BD338005C437E /* OAuth */ = {
			isa = PBXGroup;
			children = (
				995CA5B72A1BD38F005C437E /* OAuth2Service.swift */,
				995CA5B92A1BEC53005C437E /* OAuth2TokenStorage.swift */,
			);
			path = OAuth;
			sourceTree = "<group>";
		};
		99630B3929D4BDDE00949ED8 = {
			isa = PBXGroup;
			children = (
				99630B4429D4BDDE00949ED8 /* ImageFeed */,
				99535C2D2A400925009E9F8D /* WebViewTests */,
				99535C712A402949009E9F8D /* ProfileViewTests */,
				99535C822A402B45009E9F8D /* ImagesListViewTests */,
				99AE27292A402EB300FB539C /* ImageFeedUITests */,
				99630B4329D4BDDE00949ED8 /* Products */,
			);
			sourceTree = "<group>";
		};
		99630B4329D4BDDE00949ED8 /* Products */ = {
			isa = PBXGroup;
			children = (
				99630B4229D4BDDE00949ED8 /* ImageFeed.app */,
				99535C2C2A400925009E9F8D /* ImageFeedTests.xctest */,
				99535C702A402949009E9F8D /* ProfileViewTests.xctest */,
				99535C812A402B45009E9F8D /* ImagesListViewTests.xctest */,
				99AE27282A402EB300FB539C /* ImageFeedUITests.xctest */,
			);
			name = Products;
			sourceTree = "<group>";
		};
		99630B4429D4BDDE00949ED8 /* ImageFeed */ = {
			isa = PBXGroup;
			children = (
				994733CB2A30EC9500AA6DE4 /* TabBarController */,
				996B33242A2AE729007260F6 /* URLSessionExtension */,
				992138E42A284A8D0008F601 /* UIBlockingProgressHUD */,
				99021F072A3CDCE1005D720F /* Models */,
				9983F80229E9042E006A745D /* ImagesList */,
				9936ADDF29FB25DE008B1724 /* Profile */,
				990C820D29FF72F000333F1B /* SingleImage */,
				99A52C642A12CF14001FFCDB /* Auth */,
				995CA5B62A1BD338005C437E /* OAuth */,
				998AC5902A1DBA6900B89F32 /* Splash */,
				99630B4729D4BDDE00949ED8 /* SceneDelegate.swift */,
				99630B4529D4BDDE00949ED8 /* AppDelegate.swift */,
				99F6589C2A0D41A200A5E0B8 /* AuthConfiguration.swift */,
				99630B4B29D4BDDE00949ED8 /* Main.storyboard */,
				99630B5029D4BDE600949ED8 /* LaunchScreen.storyboard */,
				99630B5329D4BDE600949ED8 /* Info.plist */,
				991E106E29E92C040001C888 /* Assets.xcassets */,
				99630B5929D6249300949ED8 /* Resources */,
			);
			path = ImageFeed;
			sourceTree = "<group>";
		};
		99630B5929D6249300949ED8 /* Resources */ = {
			isa = PBXGroup;
			children = (
			);
			path = Resources;
			sourceTree = "<group>";
		};
		996B33242A2AE729007260F6 /* URLSessionExtension */ = {
			isa = PBXGroup;
			children = (
				996B33252A2AE76E007260F6 /* URLSessionExtension.swift */,
			);
			path = URLSessionExtension;
			sourceTree = "<group>";
		};
		9983F80229E9042E006A745D /* ImagesList */ = {
			isa = PBXGroup;
			children = (
				99630B4929D4BDDE00949ED8 /* ImagesListViewController.swift.swift */,
				9983F7FF29E903D3006A745D /* ImagesListCell.swift */,
				996A714A2A38BC8700AAB438 /* ImagesListService.swift */,
				99535C392A400ED6009E9F8D /* ImagesListPresenter.swift */,
			);
			path = ImagesList;
			sourceTree = "<group>";
		};
		998AC5902A1DBA6900B89F32 /* Splash */ = {
			isa = PBXGroup;
			children = (
				998AC58E2A1DB7B900B89F32 /* SplashViewController.swift */,
			);
			path = Splash;
			sourceTree = "<group>";
		};
		99A52C642A12CF14001FFCDB /* Auth */ = {
			isa = PBXGroup;
			children = (
				99F6589E2A12A38D00A5E0B8 /* AuthorizationViewController.swift */,
				99A52C652A12D0D1001FFCDB /* WebViewViewController.swift */,
				99535C222A400130009E9F8D /* AuthHelper.swift */,
				99535C242A4003B8009E9F8D /* WebViewPresenter.swift */,
			);
			path = Auth;
			sourceTree = "<group>";
		};
		99AE27292A402EB300FB539C /* ImageFeedUITests */ = {
			isa = PBXGroup;
			children = (
				99AE272A2A402EB300FB539C /* ImageFeedUITests.swift */,
				99AE272C2A402EB300FB539C /* ImageFeedUITestsLaunchTests.swift */,
			);
			path = ImageFeedUITests;
			sourceTree = "<group>";
		};
/* End PBXGroup section */

/* Begin PBXNativeTarget section */
		99535C2B2A400925009E9F8D /* ImageFeedTests */ = {
			isa = PBXNativeTarget;
			buildConfigurationList = 99535C322A400925009E9F8D /* Build configuration list for PBXNativeTarget "ImageFeedTests" */;
			buildPhases = (
				99535C282A400925009E9F8D /* Sources */,
				99535C292A400925009E9F8D /* Frameworks */,
				99535C2A2A400925009E9F8D /* Resources */,
			);
			buildRules = (
			);
			dependencies = (
				99535C312A400925009E9F8D /* PBXTargetDependency */,
			);
			name = ImageFeedTests;
			productName = ImageFeedTests;
			productReference = 99535C2C2A400925009E9F8D /* ImageFeedTests.xctest */;
			productType = "com.apple.product-type.bundle.unit-test";
		};
		99535C6F2A402949009E9F8D /* ProfileViewTests */ = {
			isa = PBXNativeTarget;
			buildConfigurationList = 99535C762A402949009E9F8D /* Build configuration list for PBXNativeTarget "ProfileViewTests" */;
			buildPhases = (
				99535C6C2A402949009E9F8D /* Sources */,
				99535C6D2A402949009E9F8D /* Frameworks */,
				99535C6E2A402949009E9F8D /* Resources */,
			);
			buildRules = (
			);
			dependencies = (
				99535C752A402949009E9F8D /* PBXTargetDependency */,
			);
			name = ProfileViewTests;
			productName = ProfileViewTests;
			productReference = 99535C702A402949009E9F8D /* ProfileViewTests.xctest */;
			productType = "com.apple.product-type.bundle.unit-test";
		};
		99535C802A402B45009E9F8D /* ImagesListViewTests */ = {
			isa = PBXNativeTarget;
			buildConfigurationList = 99535C872A402B46009E9F8D /* Build configuration list for PBXNativeTarget "ImagesListViewTests" */;
			buildPhases = (
				99535C7D2A402B45009E9F8D /* Sources */,
				99535C7E2A402B45009E9F8D /* Frameworks */,
				99535C7F2A402B45009E9F8D /* Resources */,
			);
			buildRules = (
			);
			dependencies = (
				99535C862A402B45009E9F8D /* PBXTargetDependency */,
			);
			name = ImagesListViewTests;
			productName = ImagesListViewTests;
			productReference = 99535C812A402B45009E9F8D /* ImagesListViewTests.xctest */;
			productType = "com.apple.product-type.bundle.unit-test";
		};
		99630B4129D4BDDE00949ED8 /* ImageFeed */ = {
			isa = PBXNativeTarget;
			buildConfigurationList = 99630B5629D4BDE600949ED8 /* Build configuration list for PBXNativeTarget "ImageFeed" */;
			buildPhases = (
				99630B3E29D4BDDE00949ED8 /* Sources */,
				99630B3F29D4BDDE00949ED8 /* Frameworks */,
				99630B4029D4BDDE00949ED8 /* Resources */,
			);
			buildRules = (
			);
			dependencies = (
			);
			name = ImageFeed;
			packageProductDependencies = (
				998AC5922A251F2600B89F32 /* ProgressHUD */,
				9926E9542A2E62610083A468 /* Kingfisher */,
				994A0EDF2A2F82D50008C245 /* SwiftKeychainWrapper */,
			);
			productName = ImageFeed;
			productReference = 99630B4229D4BDDE00949ED8 /* ImageFeed.app */;
			productType = "com.apple.product-type.application";
		};
		99AE27272A402EB300FB539C /* ImageFeedUITests */ = {
			isa = PBXNativeTarget;
			buildConfigurationList = 99AE27302A402EB300FB539C /* Build configuration list for PBXNativeTarget "ImageFeedUITests" */;
			buildPhases = (
				99AE27242A402EB300FB539C /* Sources */,
				99AE27252A402EB300FB539C /* Frameworks */,
				99AE27262A402EB300FB539C /* Resources */,
			);
			buildRules = (
			);
			dependencies = (
				99AE272F2A402EB300FB539C /* PBXTargetDependency */,
			);
			name = ImageFeedUITests;
			productName = ImageFeedUITests;
			productReference = 99AE27282A402EB300FB539C /* ImageFeedUITests.xctest */;
			productType = "com.apple.product-type.bundle.ui-testing";
		};
/* End PBXNativeTarget section */

/* Begin PBXProject section */
		99630B3A29D4BDDE00949ED8 /* Project object */ = {
			isa = PBXProject;
			attributes = {
				BuildIndependentTargetsInParallel = 1;
				LastSwiftUpdateCheck = 1420;
				LastUpgradeCheck = 1420;
				TargetAttributes = {
					99535C2B2A400925009E9F8D = {
						CreatedOnToolsVersion = 14.2;
						TestTargetID = 99630B4129D4BDDE00949ED8;
					};
					99535C6F2A402949009E9F8D = {
						CreatedOnToolsVersion = 14.2;
						TestTargetID = 99630B4129D4BDDE00949ED8;
					};
					99535C802A402B45009E9F8D = {
						CreatedOnToolsVersion = 14.2;
						TestTargetID = 99630B4129D4BDDE00949ED8;
					};
					99630B4129D4BDDE00949ED8 = {
						CreatedOnToolsVersion = 14.2;
					};
					99AE27272A402EB300FB539C = {
						CreatedOnToolsVersion = 14.2;
						TestTargetID = 99630B4129D4BDDE00949ED8;
					};
				};
			};
			buildConfigurationList = 99630B3D29D4BDDE00949ED8 /* Build configuration list for PBXProject "ImageFeed" */;
			compatibilityVersion = "Xcode 14.0";
			developmentRegion = en;
			hasScannedForEncodings = 0;
			knownRegions = (
				en,
				Base,
			);
			mainGroup = 99630B3929D4BDDE00949ED8;
			packageReferences = (
				998AC5912A251F2600B89F32 /* XCRemoteSwiftPackageReference "ProgressHUD" */,
				9926E9532A2E62610083A468 /* XCRemoteSwiftPackageReference "Kingfisher" */,
				994A0EDE2A2F82D50008C245 /* XCRemoteSwiftPackageReference "SwiftKeychainWrapper" */,
			);
			productRefGroup = 99630B4329D4BDDE00949ED8 /* Products */;
			projectDirPath = "";
			projectRoot = "";
			targets = (
				99630B4129D4BDDE00949ED8 /* ImageFeed */,
				99535C2B2A400925009E9F8D /* ImageFeedTests */,
				99535C6F2A402949009E9F8D /* ProfileViewTests */,
				99535C802A402B45009E9F8D /* ImagesListViewTests */,
				99AE27272A402EB300FB539C /* ImageFeedUITests */,
			);
		};
/* End PBXProject section */

/* Begin PBXResourcesBuildPhase section */
		99535C2A2A400925009E9F8D /* Resources */ = {
			isa = PBXResourcesBuildPhase;
			buildActionMask = 2147483647;
			files = (
			);
			runOnlyForDeploymentPostprocessing = 0;
		};
		99535C6E2A402949009E9F8D /* Resources */ = {
			isa = PBXResourcesBuildPhase;
			buildActionMask = 2147483647;
			files = (
			);
			runOnlyForDeploymentPostprocessing = 0;
		};
		99535C7F2A402B45009E9F8D /* Resources */ = {
			isa = PBXResourcesBuildPhase;
			buildActionMask = 2147483647;
			files = (
			);
			runOnlyForDeploymentPostprocessing = 0;
		};
		99630B4029D4BDDE00949ED8 /* Resources */ = {
			isa = PBXResourcesBuildPhase;
			buildActionMask = 2147483647;
			files = (
				99630B5229D4BDE600949ED8 /* LaunchScreen.storyboard in Resources */,
				991E106F29E92C040001C888 /* Assets.xcassets in Resources */,
				99630B4D29D4BDDE00949ED8 /* Main.storyboard in Resources */,
			);
			runOnlyForDeploymentPostprocessing = 0;
		};
		99AE27262A402EB300FB539C /* Resources */ = {
			isa = PBXResourcesBuildPhase;
			buildActionMask = 2147483647;
			files = (
			);
			runOnlyForDeploymentPostprocessing = 0;
		};
/* End PBXResourcesBuildPhase section */

/* Begin PBXSourcesBuildPhase section */
		99535C282A400925009E9F8D /* Sources */ = {
			isa = PBXSourcesBuildPhase;
			buildActionMask = 2147483647;
			files = (
				99535C2F2A400925009E9F8D /* WebViewTests.swift in Sources */,
			);
			runOnlyForDeploymentPostprocessing = 0;
		};
		99535C6C2A402949009E9F8D /* Sources */ = {
			isa = PBXSourcesBuildPhase;
			buildActionMask = 2147483647;
			files = (
				99535C7A2A4029BE009E9F8D /* ProfileViewPresenterSpy.swift in Sources */,
				99535C8B2A402B5E009E9F8D /* ProfileViewTests.swift in Sources */,
				99535C7C2A4029D4009E9F8D /* ProfileViewControllerSpy.swift in Sources */,
			);
			runOnlyForDeploymentPostprocessing = 0;
		};
		99535C7D2A402B45009E9F8D /* Sources */ = {
			isa = PBXSourcesBuildPhase;
			buildActionMask = 2147483647;
			files = (
				99535C8A2A402B59009E9F8D /* ImagesListViewTests.swift in Sources */,
				99535C8F2A402BEF009E9F8D /* ImagesListViewControllerSpy.swift in Sources */,
				99535C8D2A402BCC009E9F8D /* ImagesListPresenterSpy.swift in Sources */,
			);
			runOnlyForDeploymentPostprocessing = 0;
		};
		99630B3E29D4BDDE00949ED8 /* Sources */ = {
			isa = PBXSourcesBuildPhase;
			buildActionMask = 2147483647;
			files = (
				99630B4A29D4BDDE00949ED8 /* ImagesListViewController.swift.swift in Sources */,
				9983F80029E903D3006A745D /* ImagesListCell.swift in Sources */,
				99021F092A3CDD09005D720F /* Photo.swift in Sources */,
				9936ADDE29FB1B1D008B1724 /* ProfileViewController.swift in Sources */,
				994733CF2A30ECB500AA6DE4 /* TabBarController.swift in Sources */,
				99535C232A400130009E9F8D /* AuthHelper.swift in Sources */,
				998AC58F2A1DB7BA00B89F32 /* SplashViewController.swift in Sources */,
				99021F0B2A3CDDBA005D720F /* Result.swift in Sources */,
				99535C3A2A400ED6009E9F8D /* ImagesListPresenter.swift in Sources */,
				99630B4629D4BDDE00949ED8 /* AppDelegate.swift in Sources */,
				995CA5BA2A1BEC53005C437E /* OAuth2TokenStorage.swift in Sources */,
				99535C252A4003B8009E9F8D /* WebViewPresenter.swift in Sources */,
				99535C4B2A40184D009E9F8D /* ProfilePresenter.swift in Sources */,
				992138E62A284AD70008F601 /* UIBlockingProgressHUD.swift in Sources */,
				99F6589D2A0D41A200A5E0B8 /* AuthConfiguration.swift in Sources */,
				99535C382A400B16009E9F8D /* WebViewViewControllerSpy.swift in Sources */,
				996B33262A2AE76E007260F6 /* URLSessionExtension.swift in Sources */,
				990C820C29FF705300333F1B /* SingleImageViewController.swift in Sources */,
				99630B4829D4BDDE00949ED8 /* SceneDelegate.swift in Sources */,
				99A52C662A12D0D1001FFCDB /* WebViewViewController.swift in Sources */,
				996A714B2A38BC8700AAB438 /* ImagesListService.swift in Sources */,
				99535C362A400A7C009E9F8D /* WebViewPresenterSpy.swift in Sources */,
				995CA5B82A1BD38F005C437E /* OAuth2Service.swift in Sources */,
				996B33232A2A45CA007260F6 /* ProfileImageService.swift in Sources */,
				99F6589F2A12A38D00A5E0B8 /* AuthorizationViewController.swift in Sources */,
				9910160C2A28F23700FAF348 /* ProfileService.swift in Sources */,
			);
			runOnlyForDeploymentPostprocessing = 0;
		};
		99AE27242A402EB300FB539C /* Sources */ = {
			isa = PBXSourcesBuildPhase;
			buildActionMask = 2147483647;
			files = (
				99AE272D2A402EB300FB539C /* ImageFeedUITestsLaunchTests.swift in Sources */,
				99AE272B2A402EB300FB539C /* ImageFeedUITests.swift in Sources */,
			);
			runOnlyForDeploymentPostprocessing = 0;
		};
/* End PBXSourcesBuildPhase section */

/* Begin PBXTargetDependency section */
		99535C312A400925009E9F8D /* PBXTargetDependency */ = {
			isa = PBXTargetDependency;
			target = 99630B4129D4BDDE00949ED8 /* ImageFeed */;
			targetProxy = 99535C302A400925009E9F8D /* PBXContainerItemProxy */;
		};
		99535C752A402949009E9F8D /* PBXTargetDependency */ = {
			isa = PBXTargetDependency;
			target = 99630B4129D4BDDE00949ED8 /* ImageFeed */;
			targetProxy = 99535C742A402949009E9F8D /* PBXContainerItemProxy */;
		};
		99535C862A402B45009E9F8D /* PBXTargetDependency */ = {
			isa = PBXTargetDependency;
			target = 99630B4129D4BDDE00949ED8 /* ImageFeed */;
			targetProxy = 99535C852A402B45009E9F8D /* PBXContainerItemProxy */;
		};
		99AE272F2A402EB300FB539C /* PBXTargetDependency */ = {
			isa = PBXTargetDependency;
			target = 99630B4129D4BDDE00949ED8 /* ImageFeed */;
			targetProxy = 99AE272E2A402EB300FB539C /* PBXContainerItemProxy */;
		};
/* End PBXTargetDependency section */

/* Begin PBXVariantGroup section */
		99630B4B29D4BDDE00949ED8 /* Main.storyboard */ = {
			isa = PBXVariantGroup;
			children = (
				99630B4C29D4BDDE00949ED8 /* Base */,
			);
			name = Main.storyboard;
			sourceTree = "<group>";
		};
		99630B5029D4BDE600949ED8 /* LaunchScreen.storyboard */ = {
			isa = PBXVariantGroup;
			children = (
				99630B5129D4BDE600949ED8 /* Base */,
			);
			name = LaunchScreen.storyboard;
			sourceTree = "<group>";
		};
/* End PBXVariantGroup section */

/* Begin XCBuildConfiguration section */
		99535C332A400925009E9F8D /* Debug */ = {
			isa = XCBuildConfiguration;
			buildSettings = {
				BUNDLE_LOADER = "$(TEST_HOST)";
				CODE_SIGN_STYLE = Automatic;
				CURRENT_PROJECT_VERSION = 1;
				DEVELOPMENT_TEAM = 946KMFNP49;
				GENERATE_INFOPLIST_FILE = YES;
				IPHONEOS_DEPLOYMENT_TARGET = 16.2;
				MARKETING_VERSION = 1.0;
				PRODUCT_BUNDLE_IDENTIFIER = com.totoriole.ImageFeedTests;
				PRODUCT_NAME = "$(TARGET_NAME)";
				SWIFT_EMIT_LOC_STRINGS = NO;
				SWIFT_VERSION = 5.0;
				TARGETED_DEVICE_FAMILY = "1,2";
				TEST_HOST = "$(BUILT_PRODUCTS_DIR)/ImageFeed.app/$(BUNDLE_EXECUTABLE_FOLDER_PATH)/ImageFeed";
			};
			name = Debug;
		};
		99535C342A400925009E9F8D /* Release */ = {
			isa = XCBuildConfiguration;
			buildSettings = {
				BUNDLE_LOADER = "$(TEST_HOST)";
				CODE_SIGN_STYLE = Automatic;
				CURRENT_PROJECT_VERSION = 1;
				DEVELOPMENT_TEAM = 946KMFNP49;
				GENERATE_INFOPLIST_FILE = YES;
				IPHONEOS_DEPLOYMENT_TARGET = 16.2;
				MARKETING_VERSION = 1.0;
				PRODUCT_BUNDLE_IDENTIFIER = com.totoriole.ImageFeedTests;
				PRODUCT_NAME = "$(TARGET_NAME)";
				SWIFT_EMIT_LOC_STRINGS = NO;
				SWIFT_VERSION = 5.0;
				TARGETED_DEVICE_FAMILY = "1,2";
				TEST_HOST = "$(BUILT_PRODUCTS_DIR)/ImageFeed.app/$(BUNDLE_EXECUTABLE_FOLDER_PATH)/ImageFeed";
			};
			name = Release;
		};
		99535C772A402949009E9F8D /* Debug */ = {
			isa = XCBuildConfiguration;
			buildSettings = {
				BUNDLE_LOADER = "$(TEST_HOST)";
				CODE_SIGN_STYLE = Automatic;
				CURRENT_PROJECT_VERSION = 1;
				DEVELOPMENT_TEAM = 946KMFNP49;
				GENERATE_INFOPLIST_FILE = YES;
				IPHONEOS_DEPLOYMENT_TARGET = 16.2;
				MARKETING_VERSION = 1.0;
				PRODUCT_BUNDLE_IDENTIFIER = com.totoriole.ProfileViewTests;
				PRODUCT_NAME = "$(TARGET_NAME)";
				SWIFT_EMIT_LOC_STRINGS = NO;
				SWIFT_VERSION = 5.0;
				TARGETED_DEVICE_FAMILY = "1,2";
				TEST_HOST = "$(BUILT_PRODUCTS_DIR)/ImageFeed.app/$(BUNDLE_EXECUTABLE_FOLDER_PATH)/ImageFeed";
			};
			name = Debug;
		};
		99535C782A402949009E9F8D /* Release */ = {
			isa = XCBuildConfiguration;
			buildSettings = {
				BUNDLE_LOADER = "$(TEST_HOST)";
				CODE_SIGN_STYLE = Automatic;
				CURRENT_PROJECT_VERSION = 1;
				DEVELOPMENT_TEAM = 946KMFNP49;
				GENERATE_INFOPLIST_FILE = YES;
				IPHONEOS_DEPLOYMENT_TARGET = 16.2;
				MARKETING_VERSION = 1.0;
				PRODUCT_BUNDLE_IDENTIFIER = com.totoriole.ProfileViewTests;
				PRODUCT_NAME = "$(TARGET_NAME)";
				SWIFT_EMIT_LOC_STRINGS = NO;
				SWIFT_VERSION = 5.0;
				TARGETED_DEVICE_FAMILY = "1,2";
				TEST_HOST = "$(BUILT_PRODUCTS_DIR)/ImageFeed.app/$(BUNDLE_EXECUTABLE_FOLDER_PATH)/ImageFeed";
			};
			name = Release;
		};
		99535C882A402B46009E9F8D /* Debug */ = {
			isa = XCBuildConfiguration;
			buildSettings = {
				BUNDLE_LOADER = "$(TEST_HOST)";
				CODE_SIGN_STYLE = Automatic;
				CURRENT_PROJECT_VERSION = 1;
				DEVELOPMENT_TEAM = 946KMFNP49;
				GENERATE_INFOPLIST_FILE = YES;
				IPHONEOS_DEPLOYMENT_TARGET = 16.2;
				MARKETING_VERSION = 1.0;
				PRODUCT_BUNDLE_IDENTIFIER = com.totoriole.ImagesListViewTests;
				PRODUCT_NAME = "$(TARGET_NAME)";
				SWIFT_EMIT_LOC_STRINGS = NO;
				SWIFT_VERSION = 5.0;
				TARGETED_DEVICE_FAMILY = "1,2";
				TEST_HOST = "$(BUILT_PRODUCTS_DIR)/ImageFeed.app/$(BUNDLE_EXECUTABLE_FOLDER_PATH)/ImageFeed";
			};
			name = Debug;
		};
		99535C892A402B46009E9F8D /* Release */ = {
			isa = XCBuildConfiguration;
			buildSettings = {
				BUNDLE_LOADER = "$(TEST_HOST)";
				CODE_SIGN_STYLE = Automatic;
				CURRENT_PROJECT_VERSION = 1;
				DEVELOPMENT_TEAM = 946KMFNP49;
				GENERATE_INFOPLIST_FILE = YES;
				IPHONEOS_DEPLOYMENT_TARGET = 16.2;
				MARKETING_VERSION = 1.0;
				PRODUCT_BUNDLE_IDENTIFIER = com.totoriole.ImagesListViewTests;
				PRODUCT_NAME = "$(TARGET_NAME)";
				SWIFT_EMIT_LOC_STRINGS = NO;
				SWIFT_VERSION = 5.0;
				TARGETED_DEVICE_FAMILY = "1,2";
				TEST_HOST = "$(BUILT_PRODUCTS_DIR)/ImageFeed.app/$(BUNDLE_EXECUTABLE_FOLDER_PATH)/ImageFeed";
			};
			name = Release;
		};
		99630B5429D4BDE600949ED8 /* Debug */ = {
			isa = XCBuildConfiguration;
			buildSettings = {
				ALWAYS_SEARCH_USER_PATHS = NO;
				CLANG_ANALYZER_NONNULL = YES;
				CLANG_ANALYZER_NUMBER_OBJECT_CONVERSION = YES_AGGRESSIVE;
				CLANG_CXX_LANGUAGE_STANDARD = "gnu++20";
				CLANG_ENABLE_MODULES = YES;
				CLANG_ENABLE_OBJC_ARC = YES;
				CLANG_ENABLE_OBJC_WEAK = YES;
				CLANG_WARN_BLOCK_CAPTURE_AUTORELEASING = YES;
				CLANG_WARN_BOOL_CONVERSION = YES;
				CLANG_WARN_COMMA = YES;
				CLANG_WARN_CONSTANT_CONVERSION = YES;
				CLANG_WARN_DEPRECATED_OBJC_IMPLEMENTATIONS = YES;
				CLANG_WARN_DIRECT_OBJC_ISA_USAGE = YES_ERROR;
				CLANG_WARN_DOCUMENTATION_COMMENTS = YES;
				CLANG_WARN_EMPTY_BODY = YES;
				CLANG_WARN_ENUM_CONVERSION = YES;
				CLANG_WARN_INFINITE_RECURSION = YES;
				CLANG_WARN_INT_CONVERSION = YES;
				CLANG_WARN_NON_LITERAL_NULL_CONVERSION = YES;
				CLANG_WARN_OBJC_IMPLICIT_RETAIN_SELF = YES;
				CLANG_WARN_OBJC_LITERAL_CONVERSION = YES;
				CLANG_WARN_OBJC_ROOT_CLASS = YES_ERROR;
				CLANG_WARN_QUOTED_INCLUDE_IN_FRAMEWORK_HEADER = YES;
				CLANG_WARN_RANGE_LOOP_ANALYSIS = YES;
				CLANG_WARN_STRICT_PROTOTYPES = YES;
				CLANG_WARN_SUSPICIOUS_MOVE = YES;
				CLANG_WARN_UNGUARDED_AVAILABILITY = YES_AGGRESSIVE;
				CLANG_WARN_UNREACHABLE_CODE = YES;
				CLANG_WARN__DUPLICATE_METHOD_MATCH = YES;
				COPY_PHASE_STRIP = NO;
				DEBUG_INFORMATION_FORMAT = dwarf;
				ENABLE_STRICT_OBJC_MSGSEND = YES;
				ENABLE_TESTABILITY = YES;
				GCC_C_LANGUAGE_STANDARD = gnu11;
				GCC_DYNAMIC_NO_PIC = NO;
				GCC_NO_COMMON_BLOCKS = YES;
				GCC_OPTIMIZATION_LEVEL = 0;
				GCC_PREPROCESSOR_DEFINITIONS = (
					"DEBUG=1",
					"$(inherited)",
				);
				GCC_WARN_64_TO_32_BIT_CONVERSION = YES;
				GCC_WARN_ABOUT_RETURN_TYPE = YES_ERROR;
				GCC_WARN_UNDECLARED_SELECTOR = YES;
				GCC_WARN_UNINITIALIZED_AUTOS = YES_AGGRESSIVE;
				GCC_WARN_UNUSED_FUNCTION = YES;
				GCC_WARN_UNUSED_VARIABLE = YES;
				IPHONEOS_DEPLOYMENT_TARGET = 13.0;
				MTL_ENABLE_DEBUG_INFO = INCLUDE_SOURCE;
				MTL_FAST_MATH = YES;
				ONLY_ACTIVE_ARCH = YES;
				SDKROOT = iphoneos;
				SWIFT_ACTIVE_COMPILATION_CONDITIONS = DEBUG;
				SWIFT_OPTIMIZATION_LEVEL = "-Onone";
			};
			name = Debug;
		};
		99630B5529D4BDE600949ED8 /* Release */ = {
			isa = XCBuildConfiguration;
			buildSettings = {
				ALWAYS_SEARCH_USER_PATHS = NO;
				CLANG_ANALYZER_NONNULL = YES;
				CLANG_ANALYZER_NUMBER_OBJECT_CONVERSION = YES_AGGRESSIVE;
				CLANG_CXX_LANGUAGE_STANDARD = "gnu++20";
				CLANG_ENABLE_MODULES = YES;
				CLANG_ENABLE_OBJC_ARC = YES;
				CLANG_ENABLE_OBJC_WEAK = YES;
				CLANG_WARN_BLOCK_CAPTURE_AUTORELEASING = YES;
				CLANG_WARN_BOOL_CONVERSION = YES;
				CLANG_WARN_COMMA = YES;
				CLANG_WARN_CONSTANT_CONVERSION = YES;
				CLANG_WARN_DEPRECATED_OBJC_IMPLEMENTATIONS = YES;
				CLANG_WARN_DIRECT_OBJC_ISA_USAGE = YES_ERROR;
				CLANG_WARN_DOCUMENTATION_COMMENTS = YES;
				CLANG_WARN_EMPTY_BODY = YES;
				CLANG_WARN_ENUM_CONVERSION = YES;
				CLANG_WARN_INFINITE_RECURSION = YES;
				CLANG_WARN_INT_CONVERSION = YES;
				CLANG_WARN_NON_LITERAL_NULL_CONVERSION = YES;
				CLANG_WARN_OBJC_IMPLICIT_RETAIN_SELF = YES;
				CLANG_WARN_OBJC_LITERAL_CONVERSION = YES;
				CLANG_WARN_OBJC_ROOT_CLASS = YES_ERROR;
				CLANG_WARN_QUOTED_INCLUDE_IN_FRAMEWORK_HEADER = YES;
				CLANG_WARN_RANGE_LOOP_ANALYSIS = YES;
				CLANG_WARN_STRICT_PROTOTYPES = YES;
				CLANG_WARN_SUSPICIOUS_MOVE = YES;
				CLANG_WARN_UNGUARDED_AVAILABILITY = YES_AGGRESSIVE;
				CLANG_WARN_UNREACHABLE_CODE = YES;
				CLANG_WARN__DUPLICATE_METHOD_MATCH = YES;
				COPY_PHASE_STRIP = NO;
				DEBUG_INFORMATION_FORMAT = "dwarf-with-dsym";
				ENABLE_NS_ASSERTIONS = NO;
				ENABLE_STRICT_OBJC_MSGSEND = YES;
				GCC_C_LANGUAGE_STANDARD = gnu11;
				GCC_NO_COMMON_BLOCKS = YES;
				GCC_WARN_64_TO_32_BIT_CONVERSION = YES;
				GCC_WARN_ABOUT_RETURN_TYPE = YES_ERROR;
				GCC_WARN_UNDECLARED_SELECTOR = YES;
				GCC_WARN_UNINITIALIZED_AUTOS = YES_AGGRESSIVE;
				GCC_WARN_UNUSED_FUNCTION = YES;
				GCC_WARN_UNUSED_VARIABLE = YES;
				IPHONEOS_DEPLOYMENT_TARGET = 13.0;
				MTL_ENABLE_DEBUG_INFO = NO;
				MTL_FAST_MATH = YES;
				SDKROOT = iphoneos;
				SWIFT_COMPILATION_MODE = wholemodule;
				SWIFT_OPTIMIZATION_LEVEL = "-O";
				VALIDATE_PRODUCT = YES;
			};
			name = Release;
		};
		99630B5729D4BDE600949ED8 /* Debug */ = {
			isa = XCBuildConfiguration;
			buildSettings = {
				ASSETCATALOG_COMPILER_APPICON_NAME = AppIcon;
				ASSETCATALOG_COMPILER_GLOBAL_ACCENT_COLOR_NAME = AccentColor;
				CODE_SIGN_STYLE = Automatic;
				CURRENT_PROJECT_VERSION = 1;
				DEVELOPMENT_TEAM = 946KMFNP49;
				GENERATE_INFOPLIST_FILE = YES;
				INFOPLIST_FILE = ImageFeed/Info.plist;
				INFOPLIST_KEY_UIApplicationSupportsIndirectInputEvents = YES;
				INFOPLIST_KEY_UILaunchStoryboardName = LaunchScreen;
				INFOPLIST_KEY_UIMainStoryboardFile = Main;
				INFOPLIST_KEY_UIStatusBarStyle = "";
				INFOPLIST_KEY_UISupportedInterfaceOrientations = UIInterfaceOrientationPortrait;
				INFOPLIST_KEY_UISupportedInterfaceOrientations_iPad = "UIInterfaceOrientationLandscapeLeft UIInterfaceOrientationLandscapeRight UIInterfaceOrientationPortrait";
				IPHONEOS_DEPLOYMENT_TARGET = 13.0;
				LD_RUNPATH_SEARCH_PATHS = (
					"$(inherited)",
					"@executable_path/Frameworks",
				);
				MARKETING_VERSION = 1.0;
				PRODUCT_BUNDLE_IDENTIFIER = com.totoriole.ImageFeed;
				PRODUCT_NAME = "$(TARGET_NAME)";
				SUPPORTED_PLATFORMS = "iphoneos iphonesimulator";
				SUPPORTS_MACCATALYST = NO;
				SUPPORTS_MAC_DESIGNED_FOR_IPHONE_IPAD = NO;
				SWIFT_EMIT_LOC_STRINGS = YES;
				SWIFT_VERSION = 5.0;
				TARGETED_DEVICE_FAMILY = 1;
			};
			name = Debug;
		};
		99630B5829D4BDE600949ED8 /* Release */ = {
			isa = XCBuildConfiguration;
			buildSettings = {
				ASSETCATALOG_COMPILER_APPICON_NAME = AppIcon;
				ASSETCATALOG_COMPILER_GLOBAL_ACCENT_COLOR_NAME = AccentColor;
				CODE_SIGN_STYLE = Automatic;
				CURRENT_PROJECT_VERSION = 1;
				DEVELOPMENT_TEAM = 946KMFNP49;
				GENERATE_INFOPLIST_FILE = YES;
				INFOPLIST_FILE = ImageFeed/Info.plist;
				INFOPLIST_KEY_UIApplicationSupportsIndirectInputEvents = YES;
				INFOPLIST_KEY_UILaunchStoryboardName = LaunchScreen;
				INFOPLIST_KEY_UIMainStoryboardFile = Main;
				INFOPLIST_KEY_UIStatusBarStyle = "";
				INFOPLIST_KEY_UISupportedInterfaceOrientations = UIInterfaceOrientationPortrait;
				INFOPLIST_KEY_UISupportedInterfaceOrientations_iPad = "UIInterfaceOrientationLandscapeLeft UIInterfaceOrientationLandscapeRight UIInterfaceOrientationPortrait";
				IPHONEOS_DEPLOYMENT_TARGET = 13.0;
				LD_RUNPATH_SEARCH_PATHS = (
					"$(inherited)",
					"@executable_path/Frameworks",
				);
				MARKETING_VERSION = 1.0;
				PRODUCT_BUNDLE_IDENTIFIER = com.totoriole.ImageFeed;
				PRODUCT_NAME = "$(TARGET_NAME)";
				SUPPORTED_PLATFORMS = "iphoneos iphonesimulator";
				SUPPORTS_MACCATALYST = NO;
				SUPPORTS_MAC_DESIGNED_FOR_IPHONE_IPAD = NO;
				SWIFT_EMIT_LOC_STRINGS = YES;
				SWIFT_VERSION = 5.0;
				TARGETED_DEVICE_FAMILY = 1;
			};
			name = Release;
		};
		99AE27312A402EB300FB539C /* Debug */ = {
			isa = XCBuildConfiguration;
			buildSettings = {
				CODE_SIGN_STYLE = Automatic;
				CURRENT_PROJECT_VERSION = 1;
				DEVELOPMENT_TEAM = 946KMFNP49;
				GENERATE_INFOPLIST_FILE = YES;
				IPHONEOS_DEPLOYMENT_TARGET = 16.2;
				MARKETING_VERSION = 1.0;
				PRODUCT_BUNDLE_IDENTIFIER = com.totoriole.ImageFeedUITests;
				PRODUCT_NAME = "$(TARGET_NAME)";
				SWIFT_EMIT_LOC_STRINGS = NO;
				SWIFT_VERSION = 5.0;
				TARGETED_DEVICE_FAMILY = "1,2";
				TEST_TARGET_NAME = ImageFeed;
			};
			name = Debug;
		};
		99AE27322A402EB300FB539C /* Release */ = {
			isa = XCBuildConfiguration;
			buildSettings = {
				CODE_SIGN_STYLE = Automatic;
				CURRENT_PROJECT_VERSION = 1;
				DEVELOPMENT_TEAM = 946KMFNP49;
				GENERATE_INFOPLIST_FILE = YES;
				IPHONEOS_DEPLOYMENT_TARGET = 16.2;
				MARKETING_VERSION = 1.0;
				PRODUCT_BUNDLE_IDENTIFIER = com.totoriole.ImageFeedUITests;
				PRODUCT_NAME = "$(TARGET_NAME)";
				SWIFT_EMIT_LOC_STRINGS = NO;
				SWIFT_VERSION = 5.0;
				TARGETED_DEVICE_FAMILY = "1,2";
				TEST_TARGET_NAME = ImageFeed;
			};
			name = Release;
		};
/* End XCBuildConfiguration section */

/* Begin XCConfigurationList section */
		99535C322A400925009E9F8D /* Build configuration list for PBXNativeTarget "ImageFeedTests" */ = {
			isa = XCConfigurationList;
			buildConfigurations = (
				99535C332A400925009E9F8D /* Debug */,
				99535C342A400925009E9F8D /* Release */,
			);
			defaultConfigurationIsVisible = 0;
			defaultConfigurationName = Release;
		};
		99535C762A402949009E9F8D /* Build configuration list for PBXNativeTarget "ProfileViewTests" */ = {
			isa = XCConfigurationList;
			buildConfigurations = (
				99535C772A402949009E9F8D /* Debug */,
				99535C782A402949009E9F8D /* Release */,
			);
			defaultConfigurationIsVisible = 0;
			defaultConfigurationName = Release;
		};
		99535C872A402B46009E9F8D /* Build configuration list for PBXNativeTarget "ImagesListViewTests" */ = {
			isa = XCConfigurationList;
			buildConfigurations = (
				99535C882A402B46009E9F8D /* Debug */,
				99535C892A402B46009E9F8D /* Release */,
			);
			defaultConfigurationIsVisible = 0;
			defaultConfigurationName = Release;
		};
		99630B3D29D4BDDE00949ED8 /* Build configuration list for PBXProject "ImageFeed" */ = {
			isa = XCConfigurationList;
			buildConfigurations = (
				99630B5429D4BDE600949ED8 /* Debug */,
				99630B5529D4BDE600949ED8 /* Release */,
			);
			defaultConfigurationIsVisible = 0;
			defaultConfigurationName = Release;
		};
		99630B5629D4BDE600949ED8 /* Build configuration list for PBXNativeTarget "ImageFeed" */ = {
			isa = XCConfigurationList;
			buildConfigurations = (
				99630B5729D4BDE600949ED8 /* Debug */,
				99630B5829D4BDE600949ED8 /* Release */,
			);
			defaultConfigurationIsVisible = 0;
			defaultConfigurationName = Release;
		};
		99AE27302A402EB300FB539C /* Build configuration list for PBXNativeTarget "ImageFeedUITests" */ = {
			isa = XCConfigurationList;
			buildConfigurations = (
				99AE27312A402EB300FB539C /* Debug */,
				99AE27322A402EB300FB539C /* Release */,
			);
			defaultConfigurationIsVisible = 0;
			defaultConfigurationName = Release;
		};
/* End XCConfigurationList section */

/* Begin XCRemoteSwiftPackageReference section */
		9926E9532A2E62610083A468 /* XCRemoteSwiftPackageReference "Kingfisher" */ = {
			isa = XCRemoteSwiftPackageReference;
			repositoryURL = "https://github.com/onevcat/Kingfisher";
			requirement = {
				kind = exactVersion;
				version = 7.7.0;
			};
		};
		994A0EDE2A2F82D50008C245 /* XCRemoteSwiftPackageReference "SwiftKeychainWrapper" */ = {
			isa = XCRemoteSwiftPackageReference;
			repositoryURL = "https://github.com/jrendel/SwiftKeychainWrapper";
			requirement = {
				kind = exactVersion;
				version = 4.0.1;
			};
		};
		998AC5912A251F2600B89F32 /* XCRemoteSwiftPackageReference "ProgressHUD" */ = {
			isa = XCRemoteSwiftPackageReference;
			repositoryURL = "https://github.com/relatedcode/ProgressHUD";
			requirement = {
				kind = exactVersion;
				version = 13.6.2;
			};
		};
/* End XCRemoteSwiftPackageReference section */

/* Begin XCSwiftPackageProductDependency section */
		9926E9542A2E62610083A468 /* Kingfisher */ = {
			isa = XCSwiftPackageProductDependency;
			package = 9926E9532A2E62610083A468 /* XCRemoteSwiftPackageReference "Kingfisher" */;
			productName = Kingfisher;
		};
		994A0EDF2A2F82D50008C245 /* SwiftKeychainWrapper */ = {
			isa = XCSwiftPackageProductDependency;
			package = 994A0EDE2A2F82D50008C245 /* XCRemoteSwiftPackageReference "SwiftKeychainWrapper" */;
			productName = SwiftKeychainWrapper;
		};
		998AC5922A251F2600B89F32 /* ProgressHUD */ = {
			isa = XCSwiftPackageProductDependency;
			package = 998AC5912A251F2600B89F32 /* XCRemoteSwiftPackageReference "ProgressHUD" */;
			productName = ProgressHUD;
		};
/* End XCSwiftPackageProductDependency section */
	};
	rootObject = 99630B3A29D4BDDE00949ED8 /* Project object */;
}
